// !$*UTF8*$!
{
	archiveVersion = 1;
	classes = {
	};
	objectVersion = 51;
	objects = {

/* Begin PBXBuildFile section */
		B52044D0A9D9F225EBB241FB /* Pods_Movie_Flix.framework in Frameworks */ = {isa = PBXBuildFile; fileRef = 1BEFCCB81891CA94AE440514 /* Pods_Movie_Flix.framework */; };
		DDCEE2BA25DC1CAA004DC39A /* MovieDetailsViewController.swift in Sources */ = {isa = PBXBuildFile; fileRef = DDCEE2B925DC1CAA004DC39A /* MovieDetailsViewController.swift */; };
		DDD7D06625D4591100F9E6C5 /* AppDelegate.swift in Sources */ = {isa = PBXBuildFile; fileRef = DDD7D06525D4591100F9E6C5 /* AppDelegate.swift */; };
		DDD7D06825D4591100F9E6C5 /* SceneDelegate.swift in Sources */ = {isa = PBXBuildFile; fileRef = DDD7D06725D4591100F9E6C5 /* SceneDelegate.swift */; };
		DDD7D06A25D4591100F9E6C5 /* MovieViewController.swift in Sources */ = {isa = PBXBuildFile; fileRef = DDD7D06925D4591100F9E6C5 /* MovieViewController.swift */; };
		DDD7D06D25D4591100F9E6C5 /* Main.storyboard in Resources */ = {isa = PBXBuildFile; fileRef = DDD7D06B25D4591100F9E6C5 /* Main.storyboard */; };
		DDD7D06F25D4591100F9E6C5 /* Assets.xcassets in Resources */ = {isa = PBXBuildFile; fileRef = DDD7D06E25D4591100F9E6C5 /* Assets.xcassets */; };
		DDD7D07225D4591100F9E6C5 /* LaunchScreen.storyboard in Resources */ = {isa = PBXBuildFile; fileRef = DDD7D07025D4591100F9E6C5 /* LaunchScreen.storyboard */; };
		DDD7D07C25D4951400F9E6C5 /* MovieCell.swift in Sources */ = {isa = PBXBuildFile; fileRef = DDD7D07B25D4951400F9E6C5 /* MovieCell.swift */; };
/* End PBXBuildFile section */

/* Begin PBXFileReference section */
		1BEFCCB81891CA94AE440514 /* Pods_Movie_Flix.framework */ = {isa = PBXFileReference; explicitFileType = wrapper.framework; includeInIndex = 0; path = Pods_Movie_Flix.framework; sourceTree = BUILT_PRODUCTS_DIR; };
		A570AD6B11276A9546CC95D4 /* Pods-Movie Flix.release.xcconfig */ = {isa = PBXFileReference; includeInIndex = 1; lastKnownFileType = text.xcconfig; name = "Pods-Movie Flix.release.xcconfig"; path = "Target Support Files/Pods-Movie Flix/Pods-Movie Flix.release.xcconfig"; sourceTree = "<group>"; };
		D071DD3208A9F016FCEB4D86 /* Pods-Movie Flix.debug.xcconfig */ = {isa = PBXFileReference; includeInIndex = 1; lastKnownFileType = text.xcconfig; name = "Pods-Movie Flix.debug.xcconfig"; path = "Target Support Files/Pods-Movie Flix/Pods-Movie Flix.debug.xcconfig"; sourceTree = "<group>"; };
		DDCEE2B925DC1CAA004DC39A /* MovieDetailsViewController.swift */ = {isa = PBXFileReference; lastKnownFileType = sourcecode.swift; path = MovieDetailsViewController.swift; sourceTree = "<group>"; };
		DDD7D06225D4591100F9E6C5 /* Movie Flix.app */ = {isa = PBXFileReference; explicitFileType = wrapper.application; includeInIndex = 0; path = "Movie Flix.app"; sourceTree = BUILT_PRODUCTS_DIR; };
		DDD7D06525D4591100F9E6C5 /* AppDelegate.swift */ = {isa = PBXFileReference; lastKnownFileType = sourcecode.swift; path = AppDelegate.swift; sourceTree = "<group>"; };
		DDD7D06725D4591100F9E6C5 /* SceneDelegate.swift */ = {isa = PBXFileReference; lastKnownFileType = sourcecode.swift; path = SceneDelegate.swift; sourceTree = "<group>"; };
		DDD7D06925D4591100F9E6C5 /* MovieViewController.swift */ = {isa = PBXFileReference; lastKnownFileType = sourcecode.swift; path = MovieViewController.swift; sourceTree = "<group>"; };
		DDD7D06C25D4591100F9E6C5 /* Base */ = {isa = PBXFileReference; lastKnownFileType = file.storyboard; name = Base; path = Base.lproj/Main.storyboard; sourceTree = "<group>"; };
		DDD7D06E25D4591100F9E6C5 /* Assets.xcassets */ = {isa = PBXFileReference; lastKnownFileType = folder.assetcatalog; path = Assets.xcassets; sourceTree = "<group>"; };
		DDD7D07125D4591100F9E6C5 /* Base */ = {isa = PBXFileReference; lastKnownFileType = file.storyboard; name = Base; path = Base.lproj/LaunchScreen.storyboard; sourceTree = "<group>"; };
		DDD7D07325D4591100F9E6C5 /* Info.plist */ = {isa = PBXFileReference; lastKnownFileType = text.plist.xml; path = Info.plist; sourceTree = "<group>"; };
		DDD7D07B25D4951400F9E6C5 /* MovieCell.swift */ = {isa = PBXFileReference; lastKnownFileType = sourcecode.swift; path = MovieCell.swift; sourceTree = "<group>"; };
/* End PBXFileReference section */

/* Begin PBXFrameworksBuildPhase section */
		DDD7D05F25D4591100F9E6C5 /* Frameworks */ = {
			isa = PBXFrameworksBuildPhase;
			buildActionMask = 2147483647;
			files = (
				B52044D0A9D9F225EBB241FB /* Pods_Movie_Flix.framework in Frameworks */,
			);
			runOnlyForDeploymentPostprocessing = 0;
		};
/* End PBXFrameworksBuildPhase section */

/* Begin PBXGroup section */
		59C74AC9F1913ABBE4B92581 /* Pods */ = {
			isa = PBXGroup;
			children = (
				D071DD3208A9F016FCEB4D86 /* Pods-Movie Flix.debug.xcconfig */,
				A570AD6B11276A9546CC95D4 /* Pods-Movie Flix.release.xcconfig */,
			);
			path = Pods;
			sourceTree = "<group>";
		};
		DDD7D05925D4591100F9E6C5 = {
			isa = PBXGroup;
			children = (
				DDD7D06425D4591100F9E6C5 /* Movie Flix */,
				DDD7D06325D4591100F9E6C5 /* Products */,
				59C74AC9F1913ABBE4B92581 /* Pods */,
				E050BCA184B5D063FC9E29D7 /* Frameworks */,
			);
			sourceTree = "<group>";
		};
		DDD7D06325D4591100F9E6C5 /* Products */ = {
			isa = PBXGroup;
			children = (
				DDD7D06225D4591100F9E6C5 /* Movie Flix.app */,
			);
			name = Products;
			sourceTree = "<group>";
		};
		DDD7D06425D4591100F9E6C5 /* Movie Flix */ = {
			isa = PBXGroup;
			children = (
				DDD7D06525D4591100F9E6C5 /* AppDelegate.swift */,
				DDD7D06725D4591100F9E6C5 /* SceneDelegate.swift */,
				DDD7D06925D4591100F9E6C5 /* MovieViewController.swift */,
				DDCEE2B925DC1CAA004DC39A /* MovieDetailsViewController.swift */,
				DDD7D06B25D4591100F9E6C5 /* Main.storyboard */,
				DDD7D07B25D4951400F9E6C5 /* MovieCell.swift */,
				DDD7D06E25D4591100F9E6C5 /* Assets.xcassets */,
				DDD7D07025D4591100F9E6C5 /* LaunchScreen.storyboard */,
				DDD7D07325D4591100F9E6C5 /* Info.plist */,
			);
			path = "Movie Flix";
			sourceTree = "<group>";
		};
		E050BCA184B5D063FC9E29D7 /* Frameworks */ = {
			isa = PBXGroup;
			children = (
				1BEFCCB81891CA94AE440514 /* Pods_Movie_Flix.framework */,
			);
			name = Frameworks;
			sourceTree = "<group>";
		};
/* End PBXGroup section */

/* Begin PBXNativeTarget section */
		DDD7D06125D4591100F9E6C5 /* Movie Flix */ = {
			isa = PBXNativeTarget;
			buildConfigurationList = DDD7D07625D4591100F9E6C5 /* Build configuration list for PBXNativeTarget "Movie Flix" */;
			buildPhases = (
				2078407A71A3111033218482 /* [CP] Check Pods Manifest.lock */,
				DDD7D05E25D4591100F9E6C5 /* Sources */,
				DDD7D05F25D4591100F9E6C5 /* Frameworks */,
				DDD7D06025D4591100F9E6C5 /* Resources */,
				DFABD7645F267E76B6C10FDE /* [CP] Embed Pods Frameworks */,
			);
			buildRules = (
			);
			dependencies = (
			);
			name = "Movie Flix";
			productName = "Movie Flix";
			productReference = DDD7D06225D4591100F9E6C5 /* Movie Flix.app */;
			productType = "com.apple.product-type.application";
		};
/* End PBXNativeTarget section */

/* Begin PBXProject section */
		DDD7D05A25D4591100F9E6C5 /* Project object */ = {
			isa = PBXProject;
			attributes = {
				LastSwiftUpdateCheck = 1240;
				LastUpgradeCheck = 1240;
				TargetAttributes = {
					DDD7D06125D4591100F9E6C5 = {
						CreatedOnToolsVersion = 12.4;
					};
				};
			};
			buildConfigurationList = DDD7D05D25D4591100F9E6C5 /* Build configuration list for PBXProject "Movie Flix" */;
			compatibilityVersion = "Xcode 9.3";
			developmentRegion = en;
			hasScannedForEncodings = 0;
			knownRegions = (
				en,
				Base,
			);
			mainGroup = DDD7D05925D4591100F9E6C5;
			productRefGroup = DDD7D06325D4591100F9E6C5 /* Products */;
			projectDirPath = "";
			projectRoot = "";
			targets = (
				DDD7D06125D4591100F9E6C5 /* Movie Flix */,
			);
		};
/* End PBXProject section */

/* Begin PBXResourcesBuildPhase section */
		DDD7D06025D4591100F9E6C5 /* Resources */ = {
			isa = PBXResourcesBuildPhase;
			buildActionMask = 2147483647;
			files = (
				DDD7D07225D4591100F9E6C5 /* LaunchScreen.storyboard in Resources */,
				DDD7D06F25D4591100F9E6C5 /* Assets.xcassets in Resources */,
				DDD7D06D25D4591100F9E6C5 /* Main.storyboard in Resources */,
			);
			runOnlyForDeploymentPostprocessing = 0;
		};
/* End PBXResourcesBuildPhase section */

/* Begin PBXShellScriptBuildPhase section */
		2078407A71A3111033218482 /* [CP] Check Pods Manifest.lock */ = {
			isa = PBXShellScriptBuildPhase;
			buildActionMask = 2147483647;
			files = (
			);
			inputFileListPaths = (
			);
			inputPaths = (
				"${PODS_PODFILE_DIR_PATH}/Podfile.lock",
				"${PODS_ROOT}/Manifest.lock",
			);
			name = "[CP] Check Pods Manifest.lock";
			outputFileListPaths = (
			);
			outputPaths = (
				"$(DERIVED_FILE_DIR)/Pods-Movie Flix-checkManifestLockResult.txt",
			);
			runOnlyForDeploymentPostprocessing = 0;
			shellPath = /bin/sh;
			shellScript = "diff \"${PODS_PODFILE_DIR_PATH}/Podfile.lock\" \"${PODS_ROOT}/Manifest.lock\" > /dev/null\nif [ $? != 0 ] ; then\n    # print error to STDERR\n    echo \"error: The sandbox is not in sync with the Podfile.lock. Run 'pod install' or update your CocoaPods installation.\" >&2\n    exit 1\nfi\n# This output is used by Xcode 'outputs' to avoid re-running this script phase.\necho \"SUCCESS\" > \"${SCRIPT_OUTPUT_FILE_0}\"\n";
			showEnvVarsInLog = 0;
		};
		DFABD7645F267E76B6C10FDE /* [CP] Embed Pods Frameworks */ = {
			isa = PBXShellScriptBuildPhase;
			buildActionMask = 2147483647;
			files = (
			);
			inputFileListPaths = (
				"${PODS_ROOT}/Target Support Files/Pods-Movie Flix/Pods-Movie Flix-frameworks-${CONFIGURATION}-input-files.xcfilelist",
			);
			name = "[CP] Embed Pods Frameworks";
			outputFileListPaths = (
				"${PODS_ROOT}/Target Support Files/Pods-Movie Flix/Pods-Movie Flix-frameworks-${CONFIGURATION}-output-files.xcfilelist",
			);
			runOnlyForDeploymentPostprocessing = 0;
			shellPath = /bin/sh;
			shellScript = "\"${PODS_ROOT}/Target Support Files/Pods-Movie Flix/Pods-Movie Flix-frameworks.sh\"\n";
			showEnvVarsInLog = 0;
		};
/* End PBXShellScriptBuildPhase section */

/* Begin PBXSourcesBuildPhase section */
		DDD7D05E25D4591100F9E6C5 /* Sources */ = {
			isa = PBXSourcesBuildPhase;
			buildActionMask = 2147483647;
			files = (
				DDCEE2BA25DC1CAA004DC39A /* MovieDetailsViewController.swift in Sources */,
				DDD7D06A25D4591100F9E6C5 /* MovieViewController.swift in Sources */,
				DDD7D06625D4591100F9E6C5 /* AppDelegate.swift in Sources */,
				DDD7D07C25D4951400F9E6C5 /* MovieCell.swift in Sources */,
				DDD7D06825D4591100F9E6C5 /* SceneDelegate.swift in Sources */,
			);
			runOnlyForDeploymentPostprocessing = 0;
		};
/* End PBXSourcesBuildPhase section */

/* Begin PBXVariantGroup section */
		DDD7D06B25D4591100F9E6C5 /* Main.storyboard */ = {
			isa = PBXVariantGroup;
			children = (
				DDD7D06C25D4591100F9E6C5 /* Base */,
			);
			name = Main.storyboard;
			sourceTree = "<group>";
		};
		DDD7D07025D4591100F9E6C5 /* LaunchScreen.storyboard */ = {
			isa = PBXVariantGroup;
			children = (
				DDD7D07125D4591100F9E6C5 /* Base */,
			);
			name = LaunchScreen.storyboard;
			sourceTree = "<group>";
		};
/* End PBXVariantGroup section */

/* Begin XCBuildConfiguration section */
		DDD7D07425D4591100F9E6C5 /* Debug */ = {
			isa = XCBuildConfiguration;
			buildSettings = {
				ALWAYS_SEARCH_USER_PATHS = NO;
				CLANG_ANALYZER_NONNULL = YES;
				CLANG_ANALYZER_NUMBER_OBJECT_CONVERSION = YES_AGGRESSIVE;
				CLANG_CXX_LANGUAGE_STANDARD = "gnu++14";
				CLANG_CXX_LIBRARY = "libc++";
				CLANG_ENABLE_MODULES = YES;
				CLANG_ENABLE_OBJC_ARC = YES;
				CLANG_ENABLE_OBJC_WEAK = YES;
				CLANG_WARN_BLOCK_CAPTURE_AUTORELEASING = YES;
				CLANG_WARN_BOOL_CONVERSION = YES;
				CLANG_WARN_COMMA = YES;
				CLANG_WARN_CONSTANT_CONVERSION = YES;
				CLANG_WARN_DEPRECATED_OBJC_IMPLEMENTATIONS = YES;
				CLANG_WARN_DIRECT_OBJC_ISA_USAGE = YES_ERROR;
				CLANG_WARN_DOCUMENTATION_COMMENTS = YES;
				CLANG_WARN_EMPTY_BODY = YES;
				CLANG_WARN_ENUM_CONVERSION = YES;
				CLANG_WARN_INFINITE_RECURSION = YES;
				CLANG_WARN_INT_CONVERSION = YES;
				CLANG_WARN_NON_LITERAL_NULL_CONVERSION = YES;
				CLANG_WARN_OBJC_IMPLICIT_RETAIN_SELF = YES;
				CLANG_WARN_OBJC_LITERAL_CONVERSION = YES;
				CLANG_WARN_OBJC_ROOT_CLASS = YES_ERROR;
				CLANG_WARN_QUOTED_INCLUDE_IN_FRAMEWORK_HEADER = YES;
				CLANG_WARN_RANGE_LOOP_ANALYSIS = YES;
				CLANG_WARN_STRICT_PROTOTYPES = YES;
				CLANG_WARN_SUSPICIOUS_MOVE = YES;
				CLANG_WARN_UNGUARDED_AVAILABILITY = YES_AGGRESSIVE;
				CLANG_WARN_UNREACHABLE_CODE = YES;
				CLANG_WARN__DUPLICATE_METHOD_MATCH = YES;
				COPY_PHASE_STRIP = NO;
				DEBUG_INFORMATION_FORMAT = dwarf;
				ENABLE_STRICT_OBJC_MSGSEND = YES;
				ENABLE_TESTABILITY = YES;
				GCC_C_LANGUAGE_STANDARD = gnu11;
				GCC_DYNAMIC_NO_PIC = NO;
				GCC_NO_COMMON_BLOCKS = YES;
				GCC_OPTIMIZATION_LEVEL = 0;
				GCC_PREPROCESSOR_DEFINITIONS = (
					"DEBUG=1",
					"$(inherited)",
				);
				GCC_WARN_64_TO_32_BIT_CONVERSION = YES;
				GCC_WARN_ABOUT_RETURN_TYPE = YES_ERROR;
				GCC_WARN_UNDECLARED_SELECTOR = YES;
				GCC_WARN_UNINITIALIZED_AUTOS = YES_AGGRESSIVE;
				GCC_WARN_UNUSED_FUNCTION = YES;
				GCC_WARN_UNUSED_VARIABLE = YES;
				IPHONEOS_DEPLOYMENT_TARGET = 14.4;
				MTL_ENABLE_DEBUG_INFO = INCLUDE_SOURCE;
				MTL_FAST_MATH = YES;
				ONLY_ACTIVE_ARCH = YES;
				SDKROOT = iphoneos;
				SWIFT_ACTIVE_COMPILATION_CONDITIONS = DEBUG;
				SWIFT_OPTIMIZATION_LEVEL = "-Onone";
			};
			name = Debug;
		};
		DDD7D07525D4591100F9E6C5 /* Release */ = {
			isa = XCBuildConfiguration;
			buildSettings = {
				ALWAYS_SEARCH_USER_PATHS = NO;
				CLANG_ANALYZER_NONNULL = YES;
				CLANG_ANALYZER_NUMBER_OBJECT_CONVERSION = YES_AGGRESSIVE;
				CLANG_CXX_LANGUAGE_STANDARD = "gnu++14";
				CLANG_CXX_LIBRARY = "libc++";
				CLANG_ENABLE_MODULES = YES;
				CLANG_ENABLE_OBJC_ARC = YES;
				CLANG_ENABLE_OBJC_WEAK = YES;
				CLANG_WARN_BLOCK_CAPTURE_AUTORELEASING = YES;
				CLANG_WARN_BOOL_CONVERSION = YES;
				CLANG_WARN_COMMA = YES;
				CLANG_WARN_CONSTANT_CONVERSION = YES;
				CLANG_WARN_DEPRECATED_OBJC_IMPLEMENTATIONS = YES;
				CLANG_WARN_DIRECT_OBJC_ISA_USAGE = YES_ERROR;
				CLANG_WARN_DOCUMENTATION_COMMENTS = YES;
				CLANG_WARN_EMPTY_BODY = YES;
				CLANG_WARN_ENUM_CONVERSION = YES;
				CLANG_WARN_INFINITE_RECURSION = YES;
				CLANG_WARN_INT_CONVERSION = YES;
				CLANG_WARN_NON_LITERAL_NULL_CONVERSION = YES;
				CLANG_WARN_OBJC_IMPLICIT_RETAIN_SELF = YES;
				CLANG_WARN_OBJC_LITERAL_CONVERSION = YES;
				CLANG_WARN_OBJC_ROOT_CLASS = YES_ERROR;
				CLANG_WARN_QUOTED_INCLUDE_IN_FRAMEWORK_HEADER = YES;
				CLANG_WARN_RANGE_LOOP_ANALYSIS = YES;
				CLANG_WARN_STRICT_PROTOTYPES = YES;
				CLANG_WARN_SUSPICIOUS_MOVE = YES;
				CLANG_WARN_UNGUARDED_AVAILABILITY = YES_AGGRESSIVE;
				CLANG_WARN_UNREACHABLE_CODE = YES;
				CLANG_WARN__DUPLICATE_METHOD_MATCH = YES;
				COPY_PHASE_STRIP = NO;
				DEBUG_INFORMATION_FORMAT = "dwarf-with-dsym";
				ENABLE_NS_ASSERTIONS = NO;
				ENABLE_STRICT_OBJC_MSGSEND = YES;
				GCC_C_LANGUAGE_STANDARD = gnu11;
				GCC_NO_COMMON_BLOCKS = YES;
				GCC_WARN_64_TO_32_BIT_CONVERSION = YES;
				GCC_WARN_ABOUT_RETURN_TYPE = YES_ERROR;
				GCC_WARN_UNDECLARED_SELECTOR = YES;
				GCC_WARN_UNINITIALIZED_AUTOS = YES_AGGRESSIVE;
				GCC_WARN_UNUSED_FUNCTION = YES;
				GCC_WARN_UNUSED_VARIABLE = YES;
				IPHONEOS_DEPLOYMENT_TARGET = 14.4;
				MTL_ENABLE_DEBUG_INFO = NO;
				MTL_FAST_MATH = YES;
				SDKROOT = iphoneos;
				SWIFT_COMPILATION_MODE = wholemodule;
				SWIFT_OPTIMIZATION_LEVEL = "-O";
				VALIDATE_PRODUCT = YES;
			};
			name = Release;
		};
		DDD7D07725D4591100F9E6C5 /* Debug */ = {
			isa = XCBuildConfiguration;
			baseConfigurationReference = D071DD3208A9F016FCEB4D86 /* Pods-Movie Flix.debug.xcconfig */;
			buildSettings = {
				ASSETCATALOG_COMPILER_APPICON_NAME = AppIcon;
				ASSETCATALOG_COMPILER_GLOBAL_ACCENT_COLOR_NAME = AccentColor;
				CODE_SIGN_STYLE = Automatic;
				DEVELOPMENT_TEAM = YGNVT89K5D;
				INFOPLIST_FILE = "Movie Flix/Info.plist";
				LD_RUNPATH_SEARCH_PATHS = (
					"$(inherited)",
					"@executable_path/Frameworks",
				);
				PRODUCT_BUNDLE_IDENTIFIER = "KingRichCoding.Movie-Flix";
				PRODUCT_NAME = "$(TARGET_NAME)";
				SWIFT_VERSION = 5.0;
				TARGETED_DEVICE_FAMILY = "1,2";
			};
			name = Debug;
		};
		DDD7D07825D4591100F9E6C5 /* Release */ = {
			isa = XCBuildConfiguration;
			baseConfigurationReference = A570AD6B11276A9546CC95D4 /* Pods-Movie Flix.release.xcconfig */;
			buildSettings = {
				ASSETCATALOG_COMPILER_APPICON_NAME = AppIcon;
				ASSETCATALOG_COMPILER_GLOBAL_ACCENT_COLOR_NAME = AccentColor;
				CODE_SIGN_STYLE = Automatic;
				DEVELOPMENT_TEAM = YGNVT89K5D;
				INFOPLIST_FILE = "Movie Flix/Info.plist";
				LD_RUNPATH_SEARCH_PATHS = (
					"$(inherited)",
					"@executable_path/Frameworks",
				);
				PRODUCT_BUNDLE_IDENTIFIER = "KingRichCoding.Movie-Flix";
				PRODUCT_NAME = "$(TARGET_NAME)";
				SWIFT_VERSION = 5.0;
				TARGETED_DEVICE_FAMILY = "1,2";
			};
			name = Release;
		};
/* End XCBuildConfiguration section */

/* Begin XCConfigurationList section */
		DDD7D05D25D4591100F9E6C5 /* Build configuration list for PBXProject "Movie Flix" */ = {
			isa = XCConfigurationList;
			buildConfigurations = (
				DDD7D07425D4591100F9E6C5 /* Debug */,
				DDD7D07525D4591100F9E6C5 /* Release */,
			);
			defaultConfigurationIsVisible = 0;
			defaultConfigurationName = Release;
		};
		DDD7D07625D4591100F9E6C5 /* Build configuration list for PBXNativeTarget "Movie Flix" */ = {
			isa = XCConfigurationList;
			buildConfigurations = (
				DDD7D07725D4591100F9E6C5 /* Debug */,
				DDD7D07825D4591100F9E6C5 /* Release */,
			);
			defaultConfigurationIsVisible = 0;
			defaultConfigurationName = Release;
		};
/* End XCConfigurationList section */
	};
	rootObject = DDD7D05A25D4591100F9E6C5 /* Project object */;
}
